{
  "originHash" : "4afe3317e0d15d2489436da7b7a4d73a0275f042e903c27b0a4897e00b1c9084",
  "pins" : [
    {
      "identity" : "sdwebimage",
      "kind" : "remoteSourceControl",
      "location" : "https://github.com/SDWebImage/SDWebImage.git",
      "state" : {
        "revision" : "5191b801aca999b704eb93f118f91468b4570571",
        "version" : "5.19.6"
      }
    },
    {
      "identity" : "sdwebimageswiftui",
      "kind" : "remoteSourceControl",
      "location" : "https://github.com/SDWebImage/SDWebImageSwiftUI.git",
      "state" : {
        "revision" : "5d462f7530677ae0c2b9510c26383aa25ba48751",
        "version" : "3.1.1"
      }
    }
  ],
  "version" : 3
}
