// !$*UTF8*$!
{
	archiveVersion = 1;
	classes = {
	};
	objectVersion = 56;
	objects = {

/* Begin PBXBuildFile section */
		9FB029362C6BBB1A009C02AE /* SDWebImageSwiftUI in Frameworks */ = {isa = PBXBuildFile; productRef = 9FB029352C6BBB1A009C02AE /* SDWebImageSwiftUI */; };
		9FB0293A2C6BCC28009C02AE /* AnimalDetailsModel.swift in Sources */ = {isa = PBXBuildFile; fileRef = 9FB029392C6BCC28009C02AE /* AnimalDetailsModel.swift */; };
		9FB0293C2C6BE4B1009C02AE /* AnimalPictureModel.swift in Sources */ = {isa = PBXBuildFile; fileRef = 9FB0293B2C6BE4B1009C02AE /* AnimalPictureModel.swift */; };
		9FB029462C6E04ED009C02AE /* AnimalType.swift in Sources */ = {isa = PBXBuildFile; fileRef = 9FB029452C6E04ED009C02AE /* AnimalType.swift */; };
		9FB029502C6E0976009C02AE /* CoreDataManager.swift in Sources */ = {isa = PBXBuildFile; fileRef = 9FB0294F2C6E0976009C02AE /* CoreDataManager.swift */; };
		9FB029522C6E733B009C02AE /* AnimalListViewModelTests.swift in Sources */ = {isa = PBXBuildFile; fileRef = 9FB029512C6E733A009C02AE /* AnimalListViewModelTests.swift */; };
		9FB029582C6E79D1009C02AE /* AnimalPicturesViewModelTests.swift in Sources */ = {isa = PBXBuildFile; fileRef = 9FB029572C6E79D1009C02AE /* AnimalPicturesViewModelTests.swift */; };
		9FB0295A2C6F33C3009C02AE /* FavoritePicturesViewModelTests.swift in Sources */ = {isa = PBXBuildFile; fileRef = 9FB029592C6F33C3009C02AE /* FavoritePicturesViewModelTests.swift */; };
		9FFF27CC2C6B582200BAC3F1 /* AnimalGalleryApp.swift in Sources */ = {isa = PBXBuildFile; fileRef = 9FFF27CB2C6B582200BAC3F1 /* AnimalGalleryApp.swift */; };
		9FFF27D02C6B582800BAC3F1 /* Assets.xcassets in Resources */ = {isa = PBXBuildFile; fileRef = 9FFF27CF2C6B582800BAC3F1 /* Assets.xcassets */; };
		9FFF27D32C6B582800BAC3F1 /* Preview Assets.xcassets in Resources */ = {isa = PBXBuildFile; fileRef = 9FFF27D22C6B582800BAC3F1 /* Preview Assets.xcassets */; };
		9FFF27D82C6B582800BAC3F1 /* AnimalGallery.xcdatamodeld in Sources */ = {isa = PBXBuildFile; fileRef = 9FFF27D62C6B582800BAC3F1 /* AnimalGallery.xcdatamodeld */; };
		9FFF27E22C6B582900BAC3F1 /* AnimalGalleryTests.swift in Sources */ = {isa = PBXBuildFile; fileRef = 9FFF27E12C6B582900BAC3F1 /* AnimalGalleryTests.swift */; };
		9FFF27FB2C6B5ADF00BAC3F1 /* NetworkManager.swift in Sources */ = {isa = PBXBuildFile; fileRef = 9FFF27FA2C6B5ADF00BAC3F1 /* NetworkManager.swift */; };
		9FFF27FE2C6B6F6000BAC3F1 /* AnimalListView.swift in Sources */ = {isa = PBXBuildFile; fileRef = 9FFF27FD2C6B6F6000BAC3F1 /* AnimalListView.swift */; };
		9FFF28002C6B6FF600BAC3F1 /* AnimalListViewModel.swift in Sources */ = {isa = PBXBuildFile; fileRef = 9FFF27FF2C6B6FF600BAC3F1 /* AnimalListViewModel.swift */; };
		9FFF28032C6B775100BAC3F1 /* FavoritePicturesView.swift in Sources */ = {isa = PBXBuildFile; fileRef = 9FFF28022C6B775100BAC3F1 /* FavoritePicturesView.swift */; };
		9FFF28052C6B776E00BAC3F1 /* FavoritePicturesViewModel.swift in Sources */ = {isa = PBXBuildFile; fileRef = 9FFF28042C6B776E00BAC3F1 /* FavoritePicturesViewModel.swift */; };
		9FFF280B2C6B790A00BAC3F1 /* AnimalPicturesView.swift in Sources */ = {isa = PBXBuildFile; fileRef = 9FFF280A2C6B790A00BAC3F1 /* AnimalPicturesView.swift */; };
		9FFF280D2C6B794600BAC3F1 /* AnimalPicturesViewModel.swift in Sources */ = {isa = PBXBuildFile; fileRef = 9FFF280C2C6B794600BAC3F1 /* AnimalPicturesViewModel.swift */; };
/* End PBXBuildFile section */

/* Begin PBXContainerItemProxy section */
		9FFF27DE2C6B582900BAC3F1 /* PBXContainerItemProxy */ = {
			isa = PBXContainerItemProxy;
			containerPortal = 9FFF27C02C6B582200BAC3F1 /* Project object */;
			proxyType = 1;
			remoteGlobalIDString = 9FFF27C72C6B582200BAC3F1;
			remoteInfo = AnimalGallery;
		};
/* End PBXContainerItemProxy section */

/* Begin PBXFileReference section */
		9FB029392C6BCC28009C02AE /* AnimalDetailsModel.swift */ = {isa = PBXFileReference; lastKnownFileType = sourcecode.swift; path = AnimalDetailsModel.swift; sourceTree = "<group>"; };
		9FB0293B2C6BE4B1009C02AE /* AnimalPictureModel.swift */ = {isa = PBXFileReference; lastKnownFileType = sourcecode.swift; path = AnimalPictureModel.swift; sourceTree = "<group>"; };
		9FB029452C6E04ED009C02AE /* AnimalType.swift */ = {isa = PBXFileReference; lastKnownFileType = sourcecode.swift; path = AnimalType.swift; sourceTree = "<group>"; };
		9FB0294F2C6E0976009C02AE /* CoreDataManager.swift */ = {isa = PBXFileReference; lastKnownFileType = sourcecode.swift; path = CoreDataManager.swift; sourceTree = "<group>"; };
		9FB029512C6E733A009C02AE /* AnimalListViewModelTests.swift */ = {isa = PBXFileReference; lastKnownFileType = sourcecode.swift; path = AnimalListViewModelTests.swift; sourceTree = "<group>"; };
		9FB029572C6E79D1009C02AE /* AnimalPicturesViewModelTests.swift */ = {isa = PBXFileReference; lastKnownFileType = sourcecode.swift; path = AnimalPicturesViewModelTests.swift; sourceTree = "<group>"; };
		9FB029592C6F33C3009C02AE /* FavoritePicturesViewModelTests.swift */ = {isa = PBXFileReference; lastKnownFileType = sourcecode.swift; path = FavoritePicturesViewModelTests.swift; sourceTree = "<group>"; };
		9FFF27C82C6B582200BAC3F1 /* AnimalGallery.app */ = {isa = PBXFileReference; explicitFileType = wrapper.application; includeInIndex = 0; path = AnimalGallery.app; sourceTree = BUILT_PRODUCTS_DIR; };
		9FFF27CB2C6B582200BAC3F1 /* AnimalGalleryApp.swift */ = {isa = PBXFileReference; lastKnownFileType = sourcecode.swift; path = AnimalGalleryApp.swift; sourceTree = "<group>"; };
		9FFF27CF2C6B582800BAC3F1 /* Assets.xcassets */ = {isa = PBXFileReference; lastKnownFileType = folder.assetcatalog; path = Assets.xcassets; sourceTree = "<group>"; };
		9FFF27D22C6B582800BAC3F1 /* Preview Assets.xcassets */ = {isa = PBXFileReference; lastKnownFileType = folder.assetcatalog; path = "Preview Assets.xcassets"; sourceTree = "<group>"; };
		9FFF27D72C6B582800BAC3F1 /* AnimalGallery.xcdatamodel */ = {isa = PBXFileReference; lastKnownFileType = wrapper.xcdatamodel; path = AnimalGallery.xcdatamodel; sourceTree = "<group>"; };
		9FFF27DD2C6B582900BAC3F1 /* AnimalGalleryTests.xctest */ = {isa = PBXFileReference; explicitFileType = wrapper.cfbundle; includeInIndex = 0; path = AnimalGalleryTests.xctest; sourceTree = BUILT_PRODUCTS_DIR; };
		9FFF27E12C6B582900BAC3F1 /* AnimalGalleryTests.swift */ = {isa = PBXFileReference; lastKnownFileType = sourcecode.swift; path = AnimalGalleryTests.swift; sourceTree = "<group>"; };
		9FFF27FA2C6B5ADF00BAC3F1 /* NetworkManager.swift */ = {isa = PBXFileReference; lastKnownFileType = sourcecode.swift; path = NetworkManager.swift; sourceTree = "<group>"; };
		9FFF27FD2C6B6F6000BAC3F1 /* AnimalListView.swift */ = {isa = PBXFileReference; lastKnownFileType = sourcecode.swift; path = AnimalListView.swift; sourceTree = "<group>"; };
		9FFF27FF2C6B6FF600BAC3F1 /* AnimalListViewModel.swift */ = {isa = PBXFileReference; lastKnownFileType = sourcecode.swift; path = AnimalListViewModel.swift; sourceTree = "<group>"; };
		9FFF28022C6B775100BAC3F1 /* FavoritePicturesView.swift */ = {isa = PBXFileReference; lastKnownFileType = sourcecode.swift; path = FavoritePicturesView.swift; sourceTree = "<group>"; };
		9FFF28042C6B776E00BAC3F1 /* FavoritePicturesViewModel.swift */ = {isa = PBXFileReference; lastKnownFileType = sourcecode.swift; path = FavoritePicturesViewModel.swift; sourceTree = "<group>"; };
		9FFF280A2C6B790A00BAC3F1 /* AnimalPicturesView.swift */ = {isa = PBXFileReference; lastKnownFileType = sourcecode.swift; path = AnimalPicturesView.swift; sourceTree = "<group>"; };
		9FFF280C2C6B794600BAC3F1 /* AnimalPicturesViewModel.swift */ = {isa = PBXFileReference; lastKnownFileType = sourcecode.swift; path = AnimalPicturesViewModel.swift; sourceTree = "<group>"; };
/* End PBXFileReference section */

/* Begin PBXFrameworksBuildPhase section */
		9FFF27C52C6B582200BAC3F1 /* Frameworks */ = {
			isa = PBXFrameworksBuildPhase;
			buildActionMask = 2147483647;
			files = (
				9FB029362C6BBB1A009C02AE /* SDWebImageSwiftUI in Frameworks */,
			);
			runOnlyForDeploymentPostprocessing = 0;
		};
		9FFF27DA2C6B582900BAC3F1 /* Frameworks */ = {
			isa = PBXFrameworksBuildPhase;
			buildActionMask = 2147483647;
			files = (
			);
			runOnlyForDeploymentPostprocessing = 0;
		};
/* End PBXFrameworksBuildPhase section */

/* Begin PBXGroup section */
		9FB029342C6BBB1A009C02AE /* Frameworks */ = {
			isa = PBXGroup;
			children = (
			);
			name = Frameworks;
			sourceTree = "<group>";
		};
		9FFF27BF2C6B582200BAC3F1 = {
			isa = PBXGroup;
			children = (
				9FFF27CA2C6B582200BAC3F1 /* AnimalGallery */,
				9FFF27E02C6B582900BAC3F1 /* AnimalGalleryTests */,
				9FFF27C92C6B582200BAC3F1 /* Products */,
				9FB029342C6BBB1A009C02AE /* Frameworks */,
			);
			sourceTree = "<group>";
		};
		9FFF27C92C6B582200BAC3F1 /* Products */ = {
			isa = PBXGroup;
			children = (
				9FFF27C82C6B582200BAC3F1 /* AnimalGallery.app */,
				9FFF27DD2C6B582900BAC3F1 /* AnimalGalleryTests.xctest */,
			);
			name = Products;
			sourceTree = "<group>";
		};
		9FFF27CA2C6B582200BAC3F1 /* AnimalGallery */ = {
			isa = PBXGroup;
			children = (
				9FFF27CB2C6B582200BAC3F1 /* AnimalGalleryApp.swift */,
				9FFF27FC2C6B6F4100BAC3F1 /* AnimalList */,
				9FFF28092C6B78DA00BAC3F1 /* AnimalPicturesView */,
				9FFF28012C6B773700BAC3F1 /* FavoritePicturesView */,
				9FFF27FA2C6B5ADF00BAC3F1 /* NetworkManager.swift */,
				9FB0294F2C6E0976009C02AE /* CoreDataManager.swift */,
				9FFF27CF2C6B582800BAC3F1 /* Assets.xcassets */,
				9FFF27D62C6B582800BAC3F1 /* AnimalGallery.xcdatamodeld */,
				9FFF27D12C6B582800BAC3F1 /* Preview Content */,
			);
			path = AnimalGallery;
			sourceTree = "<group>";
		};
		9FFF27D12C6B582800BAC3F1 /* Preview Content */ = {
			isa = PBXGroup;
			children = (
				9FFF27D22C6B582800BAC3F1 /* Preview Assets.xcassets */,
			);
			path = "Preview Content";
			sourceTree = "<group>";
		};
		9FFF27E02C6B582900BAC3F1 /* AnimalGalleryTests */ = {
			isa = PBXGroup;
			children = (
				9FFF27E12C6B582900BAC3F1 /* AnimalGalleryTests.swift */,
				9FB029512C6E733A009C02AE /* AnimalListViewModelTests.swift */,
				9FB029572C6E79D1009C02AE /* AnimalPicturesViewModelTests.swift */,
				9FB029592C6F33C3009C02AE /* FavoritePicturesViewModelTests.swift */,
			);
			path = AnimalGalleryTests;
			sourceTree = "<group>";
		};
		9FFF27FC2C6B6F4100BAC3F1 /* AnimalList */ = {
			isa = PBXGroup;
			children = (
				9FFF27FD2C6B6F6000BAC3F1 /* AnimalListView.swift */,
				9FFF27FF2C6B6FF600BAC3F1 /* AnimalListViewModel.swift */,
				9FB029452C6E04ED009C02AE /* AnimalType.swift */,
			);
			path = AnimalList;
			sourceTree = "<group>";
		};
		9FFF28012C6B773700BAC3F1 /* FavoritePicturesView */ = {
			isa = PBXGroup;
			children = (
				9FFF28022C6B775100BAC3F1 /* FavoritePicturesView.swift */,
				9FFF28042C6B776E00BAC3F1 /* FavoritePicturesViewModel.swift */,
			);
			path = FavoritePicturesView;
			sourceTree = "<group>";
		};
		9FFF28092C6B78DA00BAC3F1 /* AnimalPicturesView */ = {
			isa = PBXGroup;
			children = (
				9FFF280A2C6B790A00BAC3F1 /* AnimalPicturesView.swift */,
				9FFF280C2C6B794600BAC3F1 /* AnimalPicturesViewModel.swift */,
				9FB029392C6BCC28009C02AE /* AnimalDetailsModel.swift */,
				9FB0293B2C6BE4B1009C02AE /* AnimalPictureModel.swift */,
			);
			path = AnimalPicturesView;
			sourceTree = "<group>";
		};
/* End PBXGroup section */

/* Begin PBXNativeTarget section */
		9FFF27C72C6B582200BAC3F1 /* AnimalGallery */ = {
			isa = PBXNativeTarget;
			buildConfigurationList = 9FFF27F12C6B582900BAC3F1 /* Build configuration list for PBXNativeTarget "AnimalGallery" */;
			buildPhases = (
				9FFF27C42C6B582200BAC3F1 /* Sources */,
				9FFF27C52C6B582200BAC3F1 /* Frameworks */,
				9FFF27C62C6B582200BAC3F1 /* Resources */,
			);
			buildRules = (
			);
			dependencies = (
			);
			name = AnimalGallery;
			packageProductDependencies = (
				9FB029352C6BBB1A009C02AE /* SDWebImageSwiftUI */,
			);
			productName = AnimalGallery;
			productReference = 9FFF27C82C6B582200BAC3F1 /* AnimalGallery.app */;
			productType = "com.apple.product-type.application";
		};
		9FFF27DC2C6B582900BAC3F1 /* AnimalGalleryTests */ = {
			isa = PBXNativeTarget;
			buildConfigurationList = 9FFF27F42C6B582900BAC3F1 /* Build configuration list for PBXNativeTarget "AnimalGalleryTests" */;
			buildPhases = (
				9FFF27D92C6B582900BAC3F1 /* Sources */,
				9FFF27DA2C6B582900BAC3F1 /* Frameworks */,
				9FFF27DB2C6B582900BAC3F1 /* Resources */,
			);
			buildRules = (
			);
			dependencies = (
				9FFF27DF2C6B582900BAC3F1 /* PBXTargetDependency */,
			);
			name = AnimalGalleryTests;
			productName = AnimalGalleryTests;
			productReference = 9FFF27DD2C6B582900BAC3F1 /* AnimalGalleryTests.xctest */;
			productType = "com.apple.product-type.bundle.unit-test";
		};
/* End PBXNativeTarget section */

/* Begin PBXProject section */
		9FFF27C02C6B582200BAC3F1 /* Project object */ = {
			isa = PBXProject;
			attributes = {
				BuildIndependentTargetsInParallel = 1;
				LastSwiftUpdateCheck = 1540;
				LastUpgradeCheck = 1540;
				TargetAttributes = {
					9FFF27C72C6B582200BAC3F1 = {
						CreatedOnToolsVersion = 15.4;
					};
					9FFF27DC2C6B582900BAC3F1 = {
						CreatedOnToolsVersion = 15.4;
						TestTargetID = 9FFF27C72C6B582200BAC3F1;
					};
				};
			};
			buildConfigurationList = 9FFF27C32C6B582200BAC3F1 /* Build configuration list for PBXProject "AnimalGallery" */;
			compatibilityVersion = "Xcode 14.0";
			developmentRegion = en;
			hasScannedForEncodings = 0;
			knownRegions = (
				en,
				Base,
			);
			mainGroup = 9FFF27BF2C6B582200BAC3F1;
			packageReferences = (
				9FFF280E2C6B7AF300BAC3F1 /* XCRemoteSwiftPackageReference "SDWebImageSwiftUI" */,
			);
			productRefGroup = 9FFF27C92C6B582200BAC3F1 /* Products */;
			projectDirPath = "";
			projectRoot = "";
			targets = (
				9FFF27C72C6B582200BAC3F1 /* AnimalGallery */,
				9FFF27DC2C6B582900BAC3F1 /* AnimalGalleryTests */,
			);
		};
/* End PBXProject section */

/* Begin PBXResourcesBuildPhase section */
		9FFF27C62C6B582200BAC3F1 /* Resources */ = {
			isa = PBXResourcesBuildPhase;
			buildActionMask = 2147483647;
			files = (
				9FFF27D32C6B582800BAC3F1 /* Preview Assets.xcassets in Resources */,
				9FFF27D02C6B582800BAC3F1 /* Assets.xcassets in Resources */,
			);
			runOnlyForDeploymentPostprocessing = 0;
		};
		9FFF27DB2C6B582900BAC3F1 /* Resources */ = {
			isa = PBXResourcesBuildPhase;
			buildActionMask = 2147483647;
			files = (
			);
			runOnlyForDeploymentPostprocessing = 0;
		};
/* End PBXResourcesBuildPhase section */

/* Begin PBXSourcesBuildPhase section */
		9FFF27C42C6B582200BAC3F1 /* Sources */ = {
			isa = PBXSourcesBuildPhase;
			buildActionMask = 2147483647;
			files = (
				9FFF27D82C6B582800BAC3F1 /* AnimalGallery.xcdatamodeld in Sources */,
				9FFF27FE2C6B6F6000BAC3F1 /* AnimalListView.swift in Sources */,
				9FFF27FB2C6B5ADF00BAC3F1 /* NetworkManager.swift in Sources */,
				9FB029462C6E04ED009C02AE /* AnimalType.swift in Sources */,
				9FB029502C6E0976009C02AE /* CoreDataManager.swift in Sources */,
				9FFF28002C6B6FF600BAC3F1 /* AnimalListViewModel.swift in Sources */,
				9FFF27CC2C6B582200BAC3F1 /* AnimalGalleryApp.swift in Sources */,
				9FB0293A2C6BCC28009C02AE /* AnimalDetailsModel.swift in Sources */,
				9FFF280D2C6B794600BAC3F1 /* AnimalPicturesViewModel.swift in Sources */,
				9FFF28032C6B775100BAC3F1 /* FavoritePicturesView.swift in Sources */,
				9FFF28052C6B776E00BAC3F1 /* FavoritePicturesViewModel.swift in Sources */,
				9FFF280B2C6B790A00BAC3F1 /* AnimalPicturesView.swift in Sources */,
				9FB0293C2C6BE4B1009C02AE /* AnimalPictureModel.swift in Sources */,
			);
			runOnlyForDeploymentPostprocessing = 0;
		};
		9FFF27D92C6B582900BAC3F1 /* Sources */ = {
			isa = PBXSourcesBuildPhase;
			buildActionMask = 2147483647;
			files = (
				9FB0295A2C6F33C3009C02AE /* FavoritePicturesViewModelTests.swift in Sources */,
				9FB029522C6E733B009C02AE /* AnimalListViewModelTests.swift in Sources */,
				9FB029582C6E79D1009C02AE /* AnimalPicturesViewModelTests.swift in Sources */,
				9FFF27E22C6B582900BAC3F1 /* AnimalGalleryTests.swift in Sources */,
			);
			runOnlyForDeploymentPostprocessing = 0;
		};
/* End PBXSourcesBuildPhase section */

/* Begin PBXTargetDependency section */
		9FFF27DF2C6B582900BAC3F1 /* PBXTargetDependency */ = {
			isa = PBXTargetDependency;
			target = 9FFF27C72C6B582200BAC3F1 /* AnimalGallery */;
			targetProxy = 9FFF27DE2C6B582900BAC3F1 /* PBXContainerItemProxy */;
		};
/* End PBXTargetDependency section */

/* Begin XCBuildConfiguration section */
		9FFF27EF2C6B582900BAC3F1 /* Debug */ = {
			isa = XCBuildConfiguration;
			buildSettings = {
				ALWAYS_SEARCH_USER_PATHS = NO;
				ASSETCATALOG_COMPILER_GENERATE_SWIFT_ASSET_SYMBOL_EXTENSIONS = YES;
				CLANG_ANALYZER_NONNULL = YES;
				CLANG_ANALYZER_NUMBER_OBJECT_CONVERSION = YES_AGGRESSIVE;
				CLANG_CXX_LANGUAGE_STANDARD = "gnu++20";
				CLANG_ENABLE_MODULES = YES;
				CLANG_ENABLE_OBJC_ARC = YES;
				CLANG_ENABLE_OBJC_WEAK = YES;
				CLANG_WARN_BLOCK_CAPTURE_AUTORELEASING = YES;
				CLANG_WARN_BOOL_CONVERSION = YES;
				CLANG_WARN_COMMA = YES;
				CLANG_WARN_CONSTANT_CONVERSION = YES;
				CLANG_WARN_DEPRECATED_OBJC_IMPLEMENTATIONS = YES;
				CLANG_WARN_DIRECT_OBJC_ISA_USAGE = YES_ERROR;
				CLANG_WARN_DOCUMENTATION_COMMENTS = YES;
				CLANG_WARN_EMPTY_BODY = YES;
				CLANG_WARN_ENUM_CONVERSION = YES;
				CLANG_WARN_INFINITE_RECURSION = YES;
				CLANG_WARN_INT_CONVERSION = YES;
				CLANG_WARN_NON_LITERAL_NULL_CONVERSION = YES;
				CLANG_WARN_OBJC_IMPLICIT_RETAIN_SELF = YES;
				CLANG_WARN_OBJC_LITERAL_CONVERSION = YES;
				CLANG_WARN_OBJC_ROOT_CLASS = YES_ERROR;
				CLANG_WARN_QUOTED_INCLUDE_IN_FRAMEWORK_HEADER = YES;
				CLANG_WARN_RANGE_LOOP_ANALYSIS = YES;
				CLANG_WARN_STRICT_PROTOTYPES = YES;
				CLANG_WARN_SUSPICIOUS_MOVE = YES;
				CLANG_WARN_UNGUARDED_AVAILABILITY = YES_AGGRESSIVE;
				CLANG_WARN_UNREACHABLE_CODE = YES;
				CLANG_WARN__DUPLICATE_METHOD_MATCH = YES;
				COPY_PHASE_STRIP = NO;
				DEBUG_INFORMATION_FORMAT = dwarf;
				ENABLE_STRICT_OBJC_MSGSEND = YES;
				ENABLE_TESTABILITY = YES;
				ENABLE_USER_SCRIPT_SANDBOXING = YES;
				GCC_C_LANGUAGE_STANDARD = gnu17;
				GCC_DYNAMIC_NO_PIC = NO;
				GCC_NO_COMMON_BLOCKS = YES;
				GCC_OPTIMIZATION_LEVEL = 0;
				GCC_PREPROCESSOR_DEFINITIONS = (
					"DEBUG=1",
					"$(inherited)",
				);
				GCC_WARN_64_TO_32_BIT_CONVERSION = YES;
				GCC_WARN_ABOUT_RETURN_TYPE = YES_ERROR;
				GCC_WARN_UNDECLARED_SELECTOR = YES;
				GCC_WARN_UNINITIALIZED_AUTOS = YES_AGGRESSIVE;
				GCC_WARN_UNUSED_FUNCTION = YES;
				GCC_WARN_UNUSED_VARIABLE = YES;
				IPHONEOS_DEPLOYMENT_TARGET = 17.5;
				LOCALIZATION_PREFERS_STRING_CATALOGS = YES;
				MTL_ENABLE_DEBUG_INFO = INCLUDE_SOURCE;
				MTL_FAST_MATH = YES;
				ONLY_ACTIVE_ARCH = YES;
				SDKROOT = iphoneos;
				SWIFT_ACTIVE_COMPILATION_CONDITIONS = "DEBUG $(inherited)";
				SWIFT_OPTIMIZATION_LEVEL = "-Onone";
			};
			name = Debug;
		};
		9FFF27F02C6B582900BAC3F1 /* Release */ = {
			isa = XCBuildConfiguration;
			buildSettings = {
				ALWAYS_SEARCH_USER_PATHS = NO;
				ASSETCATALOG_COMPILER_GENERATE_SWIFT_ASSET_SYMBOL_EXTENSIONS = YES;
				CLANG_ANALYZER_NONNULL = YES;
				CLANG_ANALYZER_NUMBER_OBJECT_CONVERSION = YES_AGGRESSIVE;
				CLANG_CXX_LANGUAGE_STANDARD = "gnu++20";
				CLANG_ENABLE_MODULES = YES;
				CLANG_ENABLE_OBJC_ARC = YES;
				CLANG_ENABLE_OBJC_WEAK = YES;
				CLANG_WARN_BLOCK_CAPTURE_AUTORELEASING = YES;
				CLANG_WARN_BOOL_CONVERSION = YES;
				CLANG_WARN_COMMA = YES;
				CLANG_WARN_CONSTANT_CONVERSION = YES;
				CLANG_WARN_DEPRECATED_OBJC_IMPLEMENTATIONS = YES;
				CLANG_WARN_DIRECT_OBJC_ISA_USAGE = YES_ERROR;
				CLANG_WARN_DOCUMENTATION_COMMENTS = YES;
				CLANG_WARN_EMPTY_BODY = YES;
				CLANG_WARN_ENUM_CONVERSION = YES;
				CLANG_WARN_INFINITE_RECURSION = YES;
				CLANG_WARN_INT_CONVERSION = YES;
				CLANG_WARN_NON_LITERAL_NULL_CONVERSION = YES;
				CLANG_WARN_OBJC_IMPLICIT_RETAIN_SELF = YES;
				CLANG_WARN_OBJC_LITERAL_CONVERSION = YES;
				CLANG_WARN_OBJC_ROOT_CLASS = YES_ERROR;
				CLANG_WARN_QUOTED_INCLUDE_IN_FRAMEWORK_HEADER = YES;
				CLANG_WARN_RANGE_LOOP_ANALYSIS = YES;
				CLANG_WARN_STRICT_PROTOTYPES = YES;
				CLANG_WARN_SUSPICIOUS_MOVE = YES;
				CLANG_WARN_UNGUARDED_AVAILABILITY = YES_AGGRESSIVE;
				CLANG_WARN_UNREACHABLE_CODE = YES;
				CLANG_WARN__DUPLICATE_METHOD_MATCH = YES;
				COPY_PHASE_STRIP = NO;
				DEBUG_INFORMATION_FORMAT = "dwarf-with-dsym";
				ENABLE_NS_ASSERTIONS = NO;
				ENABLE_STRICT_OBJC_MSGSEND = YES;
				ENABLE_USER_SCRIPT_SANDBOXING = YES;
				GCC_C_LANGUAGE_STANDARD = gnu17;
				GCC_NO_COMMON_BLOCKS = YES;
				GCC_WARN_64_TO_32_BIT_CONVERSION = YES;
				GCC_WARN_ABOUT_RETURN_TYPE = YES_ERROR;
				GCC_WARN_UNDECLARED_SELECTOR = YES;
				GCC_WARN_UNINITIALIZED_AUTOS = YES_AGGRESSIVE;
				GCC_WARN_UNUSED_FUNCTION = YES;
				GCC_WARN_UNUSED_VARIABLE = YES;
				IPHONEOS_DEPLOYMENT_TARGET = 17.5;
				LOCALIZATION_PREFERS_STRING_CATALOGS = YES;
				MTL_ENABLE_DEBUG_INFO = NO;
				MTL_FAST_MATH = YES;
				SDKROOT = iphoneos;
				SWIFT_COMPILATION_MODE = wholemodule;
				VALIDATE_PRODUCT = YES;
			};
			name = Release;
		};
		9FFF27F22C6B582900BAC3F1 /* Debug */ = {
			isa = XCBuildConfiguration;
			buildSettings = {
				ASSETCATALOG_COMPILER_APPICON_NAME = AppIcon;
				ASSETCATALOG_COMPILER_GLOBAL_ACCENT_COLOR_NAME = AccentColor;
				CODE_SIGN_IDENTITY = "Apple Development";
				CODE_SIGN_STYLE = Automatic;
				CURRENT_PROJECT_VERSION = 1;
				DEVELOPMENT_ASSET_PATHS = "\"AnimalGallery/Preview Content\"";
				DEVELOPMENT_TEAM = "";
				ENABLE_PREVIEWS = YES;
				GENERATE_INFOPLIST_FILE = YES;
				INFOPLIST_KEY_UIApplicationSceneManifest_Generation = YES;
				INFOPLIST_KEY_UIApplicationSupportsIndirectInputEvents = YES;
				INFOPLIST_KEY_UILaunchScreen_Generation = YES;
				INFOPLIST_KEY_UISupportedInterfaceOrientations = UIInterfaceOrientationPortrait;
				INFOPLIST_KEY_UISupportedInterfaceOrientations_iPad = "UIInterfaceOrientationLandscapeLeft UIInterfaceOrientationLandscapeRight UIInterfaceOrientationPortrait UIInterfaceOrientationPortraitUpsideDown";
				IPHONEOS_DEPLOYMENT_TARGET = 14.0;
				LD_RUNPATH_SEARCH_PATHS = (
					"$(inherited)",
					"@executable_path/Frameworks",
				);
				MARKETING_VERSION = 1.0;
				PRODUCT_BUNDLE_IDENTIFIER = com.animalGallery.AnimalGallery;
				PRODUCT_NAME = "$(TARGET_NAME)";
				PROVISIONING_PROFILE_SPECIFIER = "";
				SUPPORTED_PLATFORMS = "iphoneos iphonesimulator";
				SUPPORTS_MACCATALYST = NO;
				SUPPORTS_MAC_DESIGNED_FOR_IPHONE_IPAD = NO;
				SUPPORTS_XR_DESIGNED_FOR_IPHONE_IPAD = NO;
				SWIFT_EMIT_LOC_STRINGS = YES;
				SWIFT_VERSION = 5.0;
				TARGETED_DEVICE_FAMILY = "1,2";
			};
			name = Debug;
		};
		9FFF27F32C6B582900BAC3F1 /* Release */ = {
			isa = XCBuildConfiguration;
			buildSettings = {
				ASSETCATALOG_COMPILER_APPICON_NAME = AppIcon;
				ASSETCATALOG_COMPILER_GLOBAL_ACCENT_COLOR_NAME = AccentColor;
				CODE_SIGN_IDENTITY = "Apple Development";
				CODE_SIGN_STYLE = Automatic;
				CURRENT_PROJECT_VERSION = 1;
				DEVELOPMENT_ASSET_PATHS = "\"AnimalGallery/Preview Content\"";
				DEVELOPMENT_TEAM = "";
				ENABLE_PREVIEWS = YES;
				GENERATE_INFOPLIST_FILE = YES;
				INFOPLIST_KEY_UIApplicationSceneManifest_Generation = YES;
				INFOPLIST_KEY_UIApplicationSupportsIndirectInputEvents = YES;
				INFOPLIST_KEY_UILaunchScreen_Generation = YES;
				INFOPLIST_KEY_UISupportedInterfaceOrientations = UIInterfaceOrientationPortrait;
				INFOPLIST_KEY_UISupportedInterfaceOrientations_iPad = "UIInterfaceOrientationLandscapeLeft UIInterfaceOrientationLandscapeRight UIInterfaceOrientationPortrait UIInterfaceOrientationPortraitUpsideDown";
				IPHONEOS_DEPLOYMENT_TARGET = 14.0;
				LD_RUNPATH_SEARCH_PATHS = (
					"$(inherited)",
					"@executable_path/Frameworks",
				);
				MARKETING_VERSION = 1.0;
				PRODUCT_BUNDLE_IDENTIFIER = com.animalGallery.AnimalGallery;
				PRODUCT_NAME = "$(TARGET_NAME)";
				PROVISIONING_PROFILE_SPECIFIER = "";
				SUPPORTED_PLATFORMS = "iphoneos iphonesimulator";
				SUPPORTS_MACCATALYST = NO;
				SUPPORTS_MAC_DESIGNED_FOR_IPHONE_IPAD = NO;
				SUPPORTS_XR_DESIGNED_FOR_IPHONE_IPAD = NO;
				SWIFT_EMIT_LOC_STRINGS = YES;
				SWIFT_VERSION = 5.0;
				TARGETED_DEVICE_FAMILY = "1,2";
			};
			name = Release;
		};
		9FFF27F52C6B582900BAC3F1 /* Debug */ = {
			isa = XCBuildConfiguration;
			buildSettings = {
				ALWAYS_EMBED_SWIFT_STANDARD_LIBRARIES = YES;
				BUNDLE_LOADER = "$(TEST_HOST)";
				CODE_SIGN_STYLE = Automatic;
				CURRENT_PROJECT_VERSION = 1;
				GENERATE_INFOPLIST_FILE = YES;
				IPHONEOS_DEPLOYMENT_TARGET = 14.0;
				MARKETING_VERSION = 1.0;
				PRODUCT_BUNDLE_IDENTIFIER = com.animalGallery.demo.AnimalGalleryTests;
				PRODUCT_NAME = "$(TARGET_NAME)";
				SUPPORTED_PLATFORMS = "iphoneos iphonesimulator";
				SUPPORTS_MACCATALYST = NO;
				SUPPORTS_MAC_DESIGNED_FOR_IPHONE_IPAD = NO;
				SUPPORTS_XR_DESIGNED_FOR_IPHONE_IPAD = NO;
				SWIFT_EMIT_LOC_STRINGS = NO;
				SWIFT_VERSION = 5.0;
				TARGETED_DEVICE_FAMILY = "1,2";
				TEST_HOST = "$(BUILT_PRODUCTS_DIR)/AnimalGallery.app/$(BUNDLE_EXECUTABLE_FOLDER_PATH)/AnimalGallery";
			};
			name = Debug;
		};
		9FFF27F62C6B582900BAC3F1 /* Release */ = {
			isa = XCBuildConfiguration;
			buildSettings = {
				ALWAYS_EMBED_SWIFT_STANDARD_LIBRARIES = YES;
				BUNDLE_LOADER = "$(TEST_HOST)";
				CODE_SIGN_STYLE = Automatic;
				CURRENT_PROJECT_VERSION = 1;
				GENERATE_INFOPLIST_FILE = YES;
				IPHONEOS_DEPLOYMENT_TARGET = 14.0;
				MARKETING_VERSION = 1.0;
				PRODUCT_BUNDLE_IDENTIFIER = com.animalGallery.demo.AnimalGalleryTests;
				PRODUCT_NAME = "$(TARGET_NAME)";
				SUPPORTED_PLATFORMS = "iphoneos iphonesimulator";
				SUPPORTS_MACCATALYST = NO;
				SUPPORTS_MAC_DESIGNED_FOR_IPHONE_IPAD = NO;
				SUPPORTS_XR_DESIGNED_FOR_IPHONE_IPAD = NO;
				SWIFT_EMIT_LOC_STRINGS = NO;
				SWIFT_VERSION = 5.0;
				TARGETED_DEVICE_FAMILY = "1,2";
				TEST_HOST = "$(BUILT_PRODUCTS_DIR)/AnimalGallery.app/$(BUNDLE_EXECUTABLE_FOLDER_PATH)/AnimalGallery";
			};
			name = Release;
		};
/* End XCBuildConfiguration section */

/* Begin XCConfigurationList section */
		9FFF27C32C6B582200BAC3F1 /* Build configuration list for PBXProject "AnimalGallery" */ = {
			isa = XCConfigurationList;
			buildConfigurations = (
				9FFF27EF2C6B582900BAC3F1 /* Debug */,
				9FFF27F02C6B582900BAC3F1 /* Release */,
			);
			defaultConfigurationIsVisible = 0;
			defaultConfigurationName = Release;
		};
		9FFF27F12C6B582900BAC3F1 /* Build configuration list for PBXNativeTarget "AnimalGallery" */ = {
			isa = XCConfigurationList;
			buildConfigurations = (
				9FFF27F22C6B582900BAC3F1 /* Debug */,
				9FFF27F32C6B582900BAC3F1 /* Release */,
			);
			defaultConfigurationIsVisible = 0;
			defaultConfigurationName = Release;
		};
		9FFF27F42C6B582900BAC3F1 /* Build configuration list for PBXNativeTarget "AnimalGalleryTests" */ = {
			isa = XCConfigurationList;
			buildConfigurations = (
				9FFF27F52C6B582900BAC3F1 /* Debug */,
				9FFF27F62C6B582900BAC3F1 /* Release */,
			);
			defaultConfigurationIsVisible = 0;
			defaultConfigurationName = Release;
		};
/* End XCConfigurationList section */

/* Begin XCRemoteSwiftPackageReference section */
		9FFF280E2C6B7AF300BAC3F1 /* XCRemoteSwiftPackageReference "SDWebImageSwiftUI" */ = {
			isa = XCRemoteSwiftPackageReference;
			repositoryURL = "https://github.com/SDWebImage/SDWebImageSwiftUI.git";
			requirement = {
				kind = upToNextMajorVersion;
				minimumVersion = 3.1.1;
			};
		};
/* End XCRemoteSwiftPackageReference section */

/* Begin XCSwiftPackageProductDependency section */
		9FB029352C6BBB1A009C02AE /* SDWebImageSwiftUI */ = {
			isa = XCSwiftPackageProductDependency;
			package = 9FFF280E2C6B7AF300BAC3F1 /* XCRemoteSwiftPackageReference "SDWebImageSwiftUI" */;
			productName = SDWebImageSwiftUI;
		};
/* End XCSwiftPackageProductDependency section */

/* Begin XCVersionGroup section */
		9FFF27D62C6B582800BAC3F1 /* AnimalGallery.xcdatamodeld */ = {
			isa = XCVersionGroup;
			children = (
				9FFF27D72C6B582800BAC3F1 /* AnimalGallery.xcdatamodel */,
			);
			currentVersion = 9FFF27D72C6B582800BAC3F1 /* AnimalGallery.xcdatamodel */;
			path = AnimalGallery.xcdatamodeld;
			sourceTree = "<group>";
			versionGroupType = wrapper.xcdatamodel;
		};
/* End XCVersionGroup section */
	};
	rootObject = 9FFF27C02C6B582200BAC3F1 /* Project object */;
}
